
Microsoft Visual Studio Solution File, Format Version 12.00
# Visual Studio Version 17
VisualStudioVersion = 17.8.34408.163
MinimumVisualStudioVersion = 10.0.40219.1
Project("{9A19103F-16F7-4668-BE54-9A1E7A4F7556}") = "Store.Server", "Store\Store.Server\Store.Server.csproj", "{BF5CFA32-7299-4492-8BA0-D6288B224265}"
EndProject
Project("{54A90642-561A-4BB1-A94E-469ADEE60C69}") = "store.client", "Store\store.client\store.client.esproj", "{398D0930-18EA-4656-A7BD-1D84D43E63FB}"
EndProject
Global
	GlobalSection(SolutionConfigurationPlatforms) = preSolution
		Debug|Any CPU = Debug|Any CPU
		Release|Any CPU = Release|Any CPU
	EndGlobalSection
	GlobalSection(ProjectConfigurationPlatforms) = postSolution
		{BF5CFA32-7299-4492-8BA0-D6288B224265}.Debug|Any CPU.ActiveCfg = Debug|Any CPU
		{BF5CFA32-7299-4492-8BA0-D6288B224265}.Debug|Any CPU.Build.0 = Debug|Any CPU
		{BF5CFA32-7299-4492-8BA0-D6288B224265}.Release|Any CPU.ActiveCfg = Release|Any CPU
		{BF5CFA32-7299-4492-8BA0-D6288B224265}.Release|Any CPU.Build.0 = Release|Any CPU
		{398D0930-18EA-4656-A7BD-1D84D43E63FB}.Debug|Any CPU.ActiveCfg = Debug|Any CPU
		{398D0930-18EA-4656-A7BD-1D84D43E63FB}.Debug|Any CPU.Build.0 = Debug|Any CPU
		{398D0930-18EA-4656-A7BD-1D84D43E63FB}.Debug|Any CPU.Deploy.0 = Debug|Any CPU
		{398D0930-18EA-4656-A7BD-1D84D43E63FB}.Release|Any CPU.ActiveCfg = Release|Any CPU
		{398D0930-18EA-4656-A7BD-1D84D43E63FB}.Release|Any CPU.Build.0 = Release|Any CPU
		{398D0930-18EA-4656-A7BD-1D84D43E63FB}.Release|Any CPU.Deploy.0 = Release|Any CPU
	EndGlobalSection
	GlobalSection(SolutionProperties) = preSolution
		HideSolutionNode = FALSE
	EndGlobalSection
	GlobalSection(ExtensibilityGlobals) = postSolution
		SolutionGuid = {80968A2F-F33E-4E00-A6E5-2FF239DA8FA0}
	EndGlobalSection
EndGlobal
